
Microsoft Visual Studio Solution File, Format Version 11.00
# Visual Studio 2010
Project("{FAE04EC0-301F-11D3-BF4B-00C04F79EFBC}") = "RTSMS Server Phase", "RTSMS Server Phase\RTSMS Server Phase.csproj", "{B48E96F3-443D-4F20-920B-7E7E65E0413F}"
EndProject
Project("{54435603-DBB4-11D2-8724-00A0C9A8B90C}") = "RSSAggregator", "RSSAggregator\RSSAggregator.vdproj", "{9630AF26-63E4-4F5F-8474-713EF4F16E1F}"
EndProject
Global
	GlobalSection(SolutionConfigurationPlatforms) = preSolution
		Debug|x86 = Debug|x86
		Release|x86 = Release|x86
	EndGlobalSection
	GlobalSection(ProjectConfigurationPlatforms) = postSolution
		{B48E96F3-443D-4F20-920B-7E7E65E0413F}.Debug|x86.ActiveCfg = Debug|x86
		{B48E96F3-443D-4F20-920B-7E7E65E0413F}.Debug|x86.Build.0 = Debug|x86
		{B48E96F3-443D-4F20-920B-7E7E65E0413F}.Release|x86.ActiveCfg = Release|x86
		{B48E96F3-443D-4F20-920B-7E7E65E0413F}.Release|x86.Build.0 = Release|x86
		{9630AF26-63E4-4F5F-8474-713EF4F16E1F}.Debug|x86.ActiveCfg = Debug
		{9630AF26-63E4-4F5F-8474-713EF4F16E1F}.Release|x86.ActiveCfg = Release
	EndGlobalSection
	GlobalSection(SolutionProperties) = preSolution
		HideSolutionNode = FALSE
	EndGlobalSection
EndGlobal
